
Microsoft Visual Studio Solution File, Format Version 11.00
# Visual Studio 2010
Project("{FAE04EC0-301F-11D3-BF4B-00C04F79EFBC}") = "sailing17Mobile", "sailing17Mobile\sailing17Mobile.csproj", "{F00CAD38-7092-4693-AE12-D18C7AF32F77}"
EndProject
Global
	GlobalSection(SolutionConfigurationPlatforms) = preSolution
		Debug|Any CPU = Debug|Any CPU
		Release|Any CPU = Release|Any CPU
	EndGlobalSection
	GlobalSection(ProjectConfigurationPlatforms) = postSolution
		{F00CAD38-7092-4693-AE12-D18C7AF32F77}.Debug|Any CPU.ActiveCfg = Debug|Any CPU
		{F00CAD38-7092-4693-AE12-D18C7AF32F77}.Debug|Any CPU.Build.0 = Debug|Any CPU
		{F00CAD38-7092-4693-AE12-D18C7AF32F77}.Release|Any CPU.ActiveCfg = Release|Any CPU
		{F00CAD38-7092-4693-AE12-D18C7AF32F77}.Release|Any CPU.Build.0 = Release|Any CPU
	EndGlobalSection
	GlobalSection(SolutionProperties) = preSolution
		HideSolutionNode = FALSE
	EndGlobalSection
EndGlobal
